
Microsoft Visual Studio Solution File, Format Version 12.00
# Visual Studio 14
VisualStudioVersion = 14.0.25123.0
MinimumVisualStudioVersion = 10.0.40219.1
Project("{FAE04EC0-301F-11D3-BF4B-00C04F79EFBC}") = "Guestbook", "Guestbook\Guestbook.csproj", "{D76EE9FB-556E-4385-B4F3-4DCCC4C51F2F}"
EndProject
Global
	GlobalSection(SolutionConfigurationPlatforms) = preSolution
		Debug|Any CPU = Debug|Any CPU
		Release|Any CPU = Release|Any CPU
	EndGlobalSection
	GlobalSection(ProjectConfigurationPlatforms) = postSolution
		{D76EE9FB-556E-4385-B4F3-4DCCC4C51F2F}.Debug|Any CPU.ActiveCfg = Debug|Any CPU
		{D76EE9FB-556E-4385-B4F3-4DCCC4C51F2F}.Debug|Any CPU.Build.0 = Debug|Any CPU
		{D76EE9FB-556E-4385-B4F3-4DCCC4C51F2F}.Release|Any CPU.ActiveCfg = Release|Any CPU
		{D76EE9FB-556E-4385-B4F3-4DCCC4C51F2F}.Release|Any CPU.Build.0 = Release|Any CPU
	EndGlobalSection
	GlobalSection(SolutionProperties) = preSolution
		HideSolutionNode = FALSE
	EndGlobalSection
EndGlobal
